// !$*UTF8*$!
{
	archiveVersion = 1;
	classes = {
	};
	objectVersion = 56;
	objects = {

/* Begin PBXBuildFile section */
		04BE4CAB2BCED5AB001853A8 /* AppDelegate.swift in Sources */ = {isa = PBXBuildFile; fileRef = 04BE4CAA2BCED5AB001853A8 /* AppDelegate.swift */; };
		04BE4CAD2BCED5AB001853A8 /* SceneDelegate.swift in Sources */ = {isa = PBXBuildFile; fileRef = 04BE4CAC2BCED5AB001853A8 /* SceneDelegate.swift */; };
		04BE4CAF2BCED5AB001853A8 /* ViewController.swift in Sources */ = {isa = PBXBuildFile; fileRef = 04BE4CAE2BCED5AB001853A8 /* ViewController.swift */; };
		04BE4CB22BCED5AB001853A8 /* Base in Resources */ = {isa = PBXBuildFile; fileRef = 04BE4CB12BCED5AB001853A8 /* Base */; };
		04BE4CB52BCED5AB001853A8 /* Sportify.xcdatamodeld in Sources */ = {isa = PBXBuildFile; fileRef = 04BE4CB32BCED5AB001853A8 /* Sportify.xcdatamodeld */; };
		04BE4CB72BCED5AE001853A8 /* Assets.xcassets in Resources */ = {isa = PBXBuildFile; fileRef = 04BE4CB62BCED5AE001853A8 /* Assets.xcassets */; };
		04BE4CBA2BCED5AE001853A8 /* Base in Resources */ = {isa = PBXBuildFile; fileRef = 04BE4CB92BCED5AE001853A8 /* Base */; };
		04BE4E022BD6A1AE001853A8 /* LocalDataSource.swift in Sources */ = {isa = PBXBuildFile; fileRef = 04BE4E012BD6A1AE001853A8 /* LocalDataSource.swift */; };
		04BE4E042BD6A1CB001853A8 /* RemoteDataSource.swift in Sources */ = {isa = PBXBuildFile; fileRef = 04BE4E032BD6A1CB001853A8 /* RemoteDataSource.swift */; };
		04BE4E062BD6A1EE001853A8 /* TeamRepository.swift in Sources */ = {isa = PBXBuildFile; fileRef = 04BE4E052BD6A1EE001853A8 /* TeamRepository.swift */; };
		04BE4E082BD6A233001853A8 /* League.swift in Sources */ = {isa = PBXBuildFile; fileRef = 04BE4E072BD6A233001853A8 /* League.swift */; };
		04BE4E0A2BD6A8DC001853A8 /* Details.storyboard in Resources */ = {isa = PBXBuildFile; fileRef = 04BE4E092BD6A8DC001853A8 /* Details.storyboard */; };
		04BE4E0C2BD6A92A001853A8 /* LeagueDetails.swift in Sources */ = {isa = PBXBuildFile; fileRef = 04BE4E0B2BD6A92A001853A8 /* LeagueDetails.swift */; };
		04BE4E0E2BD6AB62001853A8 /* TeamDetails.swift in Sources */ = {isa = PBXBuildFile; fileRef = 04BE4E0D2BD6AB62001853A8 /* TeamDetails.swift */; };
		04BE4E102BD6AC99001853A8 /* Team.swift in Sources */ = {isa = PBXBuildFile; fileRef = 04BE4E0F2BD6AC99001853A8 /* Team.swift */; };
		04BE4E122BD6AD44001853A8 /* LeagueRepository.swift in Sources */ = {isa = PBXBuildFile; fileRef = 04BE4E112BD6AD44001853A8 /* LeagueRepository.swift */; };
/* End PBXBuildFile section */

/* Begin PBXFileReference section */
		04BE4CA72BCED5AB001853A8 /* Sportify.app */ = {isa = PBXFileReference; explicitFileType = wrapper.application; includeInIndex = 0; path = Sportify.app; sourceTree = BUILT_PRODUCTS_DIR; };
		04BE4CAA2BCED5AB001853A8 /* AppDelegate.swift */ = {isa = PBXFileReference; lastKnownFileType = sourcecode.swift; path = AppDelegate.swift; sourceTree = "<group>"; };
		04BE4CAC2BCED5AB001853A8 /* SceneDelegate.swift */ = {isa = PBXFileReference; lastKnownFileType = sourcecode.swift; path = SceneDelegate.swift; sourceTree = "<group>"; };
		04BE4CAE2BCED5AB001853A8 /* ViewController.swift */ = {isa = PBXFileReference; lastKnownFileType = sourcecode.swift; path = ViewController.swift; sourceTree = "<group>"; };
		04BE4CB12BCED5AB001853A8 /* Base */ = {isa = PBXFileReference; lastKnownFileType = file.storyboard; name = Base; path = Base.lproj/Main.storyboard; sourceTree = "<group>"; };
		04BE4CB42BCED5AB001853A8 /* Sportify.xcdatamodel */ = {isa = PBXFileReference; lastKnownFileType = wrapper.xcdatamodel; path = Sportify.xcdatamodel; sourceTree = "<group>"; };
		04BE4CB62BCED5AE001853A8 /* Assets.xcassets */ = {isa = PBXFileReference; lastKnownFileType = folder.assetcatalog; path = Assets.xcassets; sourceTree = "<group>"; };
		04BE4CB92BCED5AE001853A8 /* Base */ = {isa = PBXFileReference; lastKnownFileType = file.storyboard; name = Base; path = Base.lproj/LaunchScreen.storyboard; sourceTree = "<group>"; };
		04BE4CBB2BCED5AE001853A8 /* Info.plist */ = {isa = PBXFileReference; lastKnownFileType = text.plist.xml; path = Info.plist; sourceTree = "<group>"; };
		04BE4E012BD6A1AE001853A8 /* LocalDataSource.swift */ = {isa = PBXFileReference; lastKnownFileType = sourcecode.swift; path = LocalDataSource.swift; sourceTree = "<group>"; };
		04BE4E032BD6A1CB001853A8 /* RemoteDataSource.swift */ = {isa = PBXFileReference; lastKnownFileType = sourcecode.swift; path = RemoteDataSource.swift; sourceTree = "<group>"; };
		04BE4E052BD6A1EE001853A8 /* TeamRepository.swift */ = {isa = PBXFileReference; lastKnownFileType = sourcecode.swift; path = TeamRepository.swift; sourceTree = "<group>"; };
		04BE4E072BD6A233001853A8 /* League.swift */ = {isa = PBXFileReference; lastKnownFileType = sourcecode.swift; path = League.swift; sourceTree = "<group>"; };
		04BE4E092BD6A8DC001853A8 /* Details.storyboard */ = {isa = PBXFileReference; lastKnownFileType = file.storyboard; path = Details.storyboard; sourceTree = "<group>"; };
		04BE4E0B2BD6A92A001853A8 /* LeagueDetails.swift */ = {isa = PBXFileReference; lastKnownFileType = sourcecode.swift; path = LeagueDetails.swift; sourceTree = "<group>"; };
		04BE4E0D2BD6AB62001853A8 /* TeamDetails.swift */ = {isa = PBXFileReference; lastKnownFileType = sourcecode.swift; path = TeamDetails.swift; sourceTree = "<group>"; };
		04BE4E0F2BD6AC99001853A8 /* Team.swift */ = {isa = PBXFileReference; lastKnownFileType = sourcecode.swift; path = Team.swift; sourceTree = "<group>"; };
		04BE4E112BD6AD44001853A8 /* LeagueRepository.swift */ = {isa = PBXFileReference; lastKnownFileType = sourcecode.swift; path = LeagueRepository.swift; sourceTree = "<group>"; };
/* End PBXFileReference section */

/* Begin PBXFrameworksBuildPhase section */
		04BE4CA42BCED5AB001853A8 /* Frameworks */ = {
			isa = PBXFrameworksBuildPhase;
			buildActionMask = 2147483647;
			files = (
			);
			runOnlyForDeploymentPostprocessing = 0;
		};
/* End PBXFrameworksBuildPhase section */

/* Begin PBXGroup section */
		04BE4C9E2BCED5AB001853A8 = {
			isa = PBXGroup;
			children = (
				04BE4CA92BCED5AB001853A8 /* Sportify */,
				04BE4CA82BCED5AB001853A8 /* Products */,
			);
			sourceTree = "<group>";
		};
		04BE4CA82BCED5AB001853A8 /* Products */ = {
			isa = PBXGroup;
			children = (
				04BE4CA72BCED5AB001853A8 /* Sportify.app */,
			);
			name = Products;
			sourceTree = "<group>";
		};
		04BE4CA92BCED5AB001853A8 /* Sportify */ = {
			isa = PBXGroup;
			children = (
				04BE4CC12BCED5E9001853A8 /* NetworkLayer */,
				04BE4CAA2BCED5AB001853A8 /* AppDelegate.swift */,
				04BE4CAC2BCED5AB001853A8 /* SceneDelegate.swift */,
				04BE4CAE2BCED5AB001853A8 /* ViewController.swift */,
				04BE4CB02BCED5AB001853A8 /* Main.storyboard */,
				04BE4CB62BCED5AE001853A8 /* Assets.xcassets */,
				04BE4CB82BCED5AE001853A8 /* LaunchScreen.storyboard */,
				04BE4CBB2BCED5AE001853A8 /* Info.plist */,
				04BE4E012BD6A1AE001853A8 /* LocalDataSource.swift */,
				04BE4E032BD6A1CB001853A8 /* RemoteDataSource.swift */,
				04BE4E052BD6A1EE001853A8 /* TeamRepository.swift */,
				04BE4E072BD6A233001853A8 /* League.swift */,
				04BE4CB32BCED5AB001853A8 /* Sportify.xcdatamodeld */,
				04BE4E092BD6A8DC001853A8 /* Details.storyboard */,
				04BE4E0B2BD6A92A001853A8 /* LeagueDetails.swift */,
				04BE4E0D2BD6AB62001853A8 /* TeamDetails.swift */,
				04BE4E0F2BD6AC99001853A8 /* Team.swift */,
				04BE4E112BD6AD44001853A8 /* LeagueRepository.swift */,
			);
			path = Sportify;
			sourceTree = "<group>";
		};
		04BE4CC12BCED5E9001853A8 /* NetworkLayer */ = {
			isa = PBXGroup;
			children = (
			);
			path = NetworkLayer;
			sourceTree = "<group>";
		};
/* End PBXGroup section */

/* Begin PBXNativeTarget section */
		04BE4CA62BCED5AB001853A8 /* Sportify */ = {
			isa = PBXNativeTarget;
			buildConfigurationList = 04BE4CBE2BCED5AE001853A8 /* Build configuration list for PBXNativeTarget "Sportify" */;
			buildPhases = (
				04BE4CA32BCED5AB001853A8 /* Sources */,
				04BE4CA42BCED5AB001853A8 /* Frameworks */,
				04BE4CA52BCED5AB001853A8 /* Resources */,
			);
			buildRules = (
			);
			dependencies = (
			);
			name = Sportify;
			productName = Sportify;
			productReference = 04BE4CA72BCED5AB001853A8 /* Sportify.app */;
			productType = "com.apple.product-type.application";
		};
/* End PBXNativeTarget section */

/* Begin PBXProject section */
		04BE4C9F2BCED5AB001853A8 /* Project object */ = {
			isa = PBXProject;
			attributes = {
				BuildIndependentTargetsInParallel = 1;
				LastSwiftUpdateCheck = 1530;
				LastUpgradeCheck = 1530;
				TargetAttributes = {
					04BE4CA62BCED5AB001853A8 = {
						CreatedOnToolsVersion = 15.3;
					};
				};
			};
			buildConfigurationList = 04BE4CA22BCED5AB001853A8 /* Build configuration list for PBXProject "Sportify" */;
			compatibilityVersion = "Xcode 14.0";
			developmentRegion = en;
			hasScannedForEncodings = 0;
			knownRegions = (
				en,
				Base,
			);
			mainGroup = 04BE4C9E2BCED5AB001853A8;
			productRefGroup = 04BE4CA82BCED5AB001853A8 /* Products */;
			projectDirPath = "";
			projectRoot = "";
			targets = (
				04BE4CA62BCED5AB001853A8 /* Sportify */,
			);
		};
/* End PBXProject section */

/* Begin PBXResourcesBuildPhase section */
		04BE4CA52BCED5AB001853A8 /* Resources */ = {
			isa = PBXResourcesBuildPhase;
			buildActionMask = 2147483647;
			files = (
				04BE4CB72BCED5AE001853A8 /* Assets.xcassets in Resources */,
				04BE4CBA2BCED5AE001853A8 /* Base in Resources */,
				04BE4CB22BCED5AB001853A8 /* Base in Resources */,
				04BE4E0A2BD6A8DC001853A8 /* Details.storyboard in Resources */,
			);
			runOnlyForDeploymentPostprocessing = 0;
		};
/* End PBXResourcesBuildPhase section */

/* Begin PBXSourcesBuildPhase section */
		04BE4CA32BCED5AB001853A8 /* Sources */ = {
			isa = PBXSourcesBuildPhase;
			buildActionMask = 2147483647;
			files = (
				04BE4E122BD6AD44001853A8 /* LeagueRepository.swift in Sources */,
				04BE4E062BD6A1EE001853A8 /* TeamRepository.swift in Sources */,
				04BE4E022BD6A1AE001853A8 /* LocalDataSource.swift in Sources */,
				04BE4E082BD6A233001853A8 /* League.swift in Sources */,
				04BE4CAF2BCED5AB001853A8 /* ViewController.swift in Sources */,
				04BE4CB52BCED5AB001853A8 /* Sportify.xcdatamodeld in Sources */,
				04BE4CAB2BCED5AB001853A8 /* AppDelegate.swift in Sources */,
				04BE4E0C2BD6A92A001853A8 /* LeagueDetails.swift in Sources */,
				04BE4E042BD6A1CB001853A8 /* RemoteDataSource.swift in Sources */,
				04BE4E102BD6AC99001853A8 /* Team.swift in Sources */,
				04BE4E0E2BD6AB62001853A8 /* TeamDetails.swift in Sources */,
				04BE4CAD2BCED5AB001853A8 /* SceneDelegate.swift in Sources */,
			);
			runOnlyForDeploymentPostprocessing = 0;
		};
/* End PBXSourcesBuildPhase section */

/* Begin PBXVariantGroup section */
		04BE4CB02BCED5AB001853A8 /* Main.storyboard */ = {
			isa = PBXVariantGroup;
			children = (
				04BE4CB12BCED5AB001853A8 /* Base */,
			);
			name = Main.storyboard;
			sourceTree = "<group>";
		};
		04BE4CB82BCED5AE001853A8 /* LaunchScreen.storyboard */ = {
			isa = PBXVariantGroup;
			children = (
				04BE4CB92BCED5AE001853A8 /* Base */,
			);
			name = LaunchScreen.storyboard;
			sourceTree = "<group>";
		};
/* End PBXVariantGroup section */

/* Begin XCBuildConfiguration section */
		04BE4CBC2BCED5AE001853A8 /* Debug */ = {
			isa = XCBuildConfiguration;
			buildSettings = {
				ALWAYS_SEARCH_USER_PATHS = NO;
				ASSETCATALOG_COMPILER_GENERATE_SWIFT_ASSET_SYMBOL_EXTENSIONS = YES;
				CLANG_ANALYZER_NONNULL = YES;
				CLANG_ANALYZER_NUMBER_OBJECT_CONVERSION = YES_AGGRESSIVE;
				CLANG_CXX_LANGUAGE_STANDARD = "gnu++20";
				CLANG_ENABLE_MODULES = YES;
				CLANG_ENABLE_OBJC_ARC = YES;
				CLANG_ENABLE_OBJC_WEAK = YES;
				CLANG_WARN_BLOCK_CAPTURE_AUTORELEASING = YES;
				CLANG_WARN_BOOL_CONVERSION = YES;
				CLANG_WARN_COMMA = YES;
				CLANG_WARN_CONSTANT_CONVERSION = YES;
				CLANG_WARN_DEPRECATED_OBJC_IMPLEMENTATIONS = YES;
				CLANG_WARN_DIRECT_OBJC_ISA_USAGE = YES_ERROR;
				CLANG_WARN_DOCUMENTATION_COMMENTS = YES;
				CLANG_WARN_EMPTY_BODY = YES;
				CLANG_WARN_ENUM_CONVERSION = YES;
				CLANG_WARN_INFINITE_RECURSION = YES;
				CLANG_WARN_INT_CONVERSION = YES;
				CLANG_WARN_NON_LITERAL_NULL_CONVERSION = YES;
				CLANG_WARN_OBJC_IMPLICIT_RETAIN_SELF = YES;
				CLANG_WARN_OBJC_LITERAL_CONVERSION = YES;
				CLANG_WARN_OBJC_ROOT_CLASS = YES_ERROR;
				CLANG_WARN_QUOTED_INCLUDE_IN_FRAMEWORK_HEADER = YES;
				CLANG_WARN_RANGE_LOOP_ANALYSIS = YES;
				CLANG_WARN_STRICT_PROTOTYPES = YES;
				CLANG_WARN_SUSPICIOUS_MOVE = YES;
				CLANG_WARN_UNGUARDED_AVAILABILITY = YES_AGGRESSIVE;
				CLANG_WARN_UNREACHABLE_CODE = YES;
				CLANG_WARN__DUPLICATE_METHOD_MATCH = YES;
				COPY_PHASE_STRIP = NO;
				DEBUG_INFORMATION_FORMAT = dwarf;
				ENABLE_STRICT_OBJC_MSGSEND = YES;
				ENABLE_TESTABILITY = YES;
				ENABLE_USER_SCRIPT_SANDBOXING = YES;
				GCC_C_LANGUAGE_STANDARD = gnu17;
				GCC_DYNAMIC_NO_PIC = NO;
				GCC_NO_COMMON_BLOCKS = YES;
				GCC_OPTIMIZATION_LEVEL = 0;
				GCC_PREPROCESSOR_DEFINITIONS = (
					"DEBUG=1",
					"$(inherited)",
				);
				GCC_WARN_64_TO_32_BIT_CONVERSION = YES;
				GCC_WARN_ABOUT_RETURN_TYPE = YES_ERROR;
				GCC_WARN_UNDECLARED_SELECTOR = YES;
				GCC_WARN_UNINITIALIZED_AUTOS = YES_AGGRESSIVE;
				GCC_WARN_UNUSED_FUNCTION = YES;
				GCC_WARN_UNUSED_VARIABLE = YES;
				IPHONEOS_DEPLOYMENT_TARGET = 17.4;
				LOCALIZATION_PREFERS_STRING_CATALOGS = YES;
				MTL_ENABLE_DEBUG_INFO = INCLUDE_SOURCE;
				MTL_FAST_MATH = YES;
				ONLY_ACTIVE_ARCH = YES;
				SDKROOT = iphoneos;
				SWIFT_ACTIVE_COMPILATION_CONDITIONS = "DEBUG $(inherited)";
				SWIFT_OPTIMIZATION_LEVEL = "-Onone";
			};
			name = Debug;
		};
		04BE4CBD2BCED5AE001853A8 /* Release */ = {
			isa = XCBuildConfiguration;
			buildSettings = {
				ALWAYS_SEARCH_USER_PATHS = NO;
				ASSETCATALOG_COMPILER_GENERATE_SWIFT_ASSET_SYMBOL_EXTENSIONS = YES;
				CLANG_ANALYZER_NONNULL = YES;
				CLANG_ANALYZER_NUMBER_OBJECT_CONVERSION = YES_AGGRESSIVE;
				CLANG_CXX_LANGUAGE_STANDARD = "gnu++20";
				CLANG_ENABLE_MODULES = YES;
				CLANG_ENABLE_OBJC_ARC = YES;
				CLANG_ENABLE_OBJC_WEAK = YES;
				CLANG_WARN_BLOCK_CAPTURE_AUTORELEASING = YES;
				CLANG_WARN_BOOL_CONVERSION = YES;
				CLANG_WARN_COMMA = YES;
				CLANG_WARN_CONSTANT_CONVERSION = YES;
				CLANG_WARN_DEPRECATED_OBJC_IMPLEMENTATIONS = YES;
				CLANG_WARN_DIRECT_OBJC_ISA_USAGE = YES_ERROR;
				CLANG_WARN_DOCUMENTATION_COMMENTS = YES;
				CLANG_WARN_EMPTY_BODY = YES;
				CLANG_WARN_ENUM_CONVERSION = YES;
				CLANG_WARN_INFINITE_RECURSION = YES;
				CLANG_WARN_INT_CONVERSION = YES;
				CLANG_WARN_NON_LITERAL_NULL_CONVERSION = YES;
				CLANG_WARN_OBJC_IMPLICIT_RETAIN_SELF = YES;
				CLANG_WARN_OBJC_LITERAL_CONVERSION = YES;
				CLANG_WARN_OBJC_ROOT_CLASS = YES_ERROR;
				CLANG_WARN_QUOTED_INCLUDE_IN_FRAMEWORK_HEADER = YES;
				CLANG_WARN_RANGE_LOOP_ANALYSIS = YES;
				CLANG_WARN_STRICT_PROTOTYPES = YES;
				CLANG_WARN_SUSPICIOUS_MOVE = YES;
				CLANG_WARN_UNGUARDED_AVAILABILITY = YES_AGGRESSIVE;
				CLANG_WARN_UNREACHABLE_CODE = YES;
				CLANG_WARN__DUPLICATE_METHOD_MATCH = YES;
				COPY_PHASE_STRIP = NO;
				DEBUG_INFORMATION_FORMAT = "dwarf-with-dsym";
				ENABLE_NS_ASSERTIONS = NO;
				ENABLE_STRICT_OBJC_MSGSEND = YES;
				ENABLE_USER_SCRIPT_SANDBOXING = YES;
				GCC_C_LANGUAGE_STANDARD = gnu17;
				GCC_NO_COMMON_BLOCKS = YES;
				GCC_WARN_64_TO_32_BIT_CONVERSION = YES;
				GCC_WARN_ABOUT_RETURN_TYPE = YES_ERROR;
				GCC_WARN_UNDECLARED_SELECTOR = YES;
				GCC_WARN_UNINITIALIZED_AUTOS = YES_AGGRESSIVE;
				GCC_WARN_UNUSED_FUNCTION = YES;
				GCC_WARN_UNUSED_VARIABLE = YES;
				IPHONEOS_DEPLOYMENT_TARGET = 17.4;
				LOCALIZATION_PREFERS_STRING_CATALOGS = YES;
				MTL_ENABLE_DEBUG_INFO = NO;
				MTL_FAST_MATH = YES;
				SDKROOT = iphoneos;
				SWIFT_COMPILATION_MODE = wholemodule;
				VALIDATE_PRODUCT = YES;
			};
			name = Release;
		};
		04BE4CBF2BCED5AE001853A8 /* Debug */ = {
			isa = XCBuildConfiguration;
			buildSettings = {
				ASSETCATALOG_COMPILER_APPICON_NAME = AppIcon;
				ASSETCATALOG_COMPILER_GLOBAL_ACCENT_COLOR_NAME = AccentColor;
				CODE_SIGN_STYLE = Automatic;
				CURRENT_PROJECT_VERSION = 1;
				DEVELOPMENT_TEAM = 7N6H592Z8V;
				GENERATE_INFOPLIST_FILE = YES;
				INFOPLIST_FILE = Sportify/Info.plist;
				INFOPLIST_KEY_UIApplicationSupportsIndirectInputEvents = YES;
				INFOPLIST_KEY_UILaunchStoryboardName = LaunchScreen;
				INFOPLIST_KEY_UIMainStoryboardFile = Main;
				INFOPLIST_KEY_UISupportedInterfaceOrientations_iPad = "UIInterfaceOrientationPortrait UIInterfaceOrientationPortraitUpsideDown UIInterfaceOrientationLandscapeLeft UIInterfaceOrientationLandscapeRight";
				INFOPLIST_KEY_UISupportedInterfaceOrientations_iPhone = "UIInterfaceOrientationPortrait UIInterfaceOrientationLandscapeLeft UIInterfaceOrientationLandscapeRight";
				LD_RUNPATH_SEARCH_PATHS = (
					"$(inherited)",
					"@executable_path/Frameworks",
				);
				MARKETING_VERSION = 1.0;
				PRODUCT_BUNDLE_IDENTIFIER = com.hdrnjd.Sportify;
				PRODUCT_NAME = "$(TARGET_NAME)";
				SWIFT_EMIT_LOC_STRINGS = YES;
				SWIFT_VERSION = 5.0;
				TARGETED_DEVICE_FAMILY = "1,2";
			};
			name = Debug;
		};
		04BE4CC02BCED5AE001853A8 /* Release */ = {
			isa = XCBuildConfiguration;
			buildSettings = {
				ASSETCATALOG_COMPILER_APPICON_NAME = AppIcon;
				ASSETCATALOG_COMPILER_GLOBAL_ACCENT_COLOR_NAME = AccentColor;
				CODE_SIGN_STYLE = Automatic;
				CURRENT_PROJECT_VERSION = 1;
				DEVELOPMENT_TEAM = 7N6H592Z8V;
				GENERATE_INFOPLIST_FILE = YES;
				INFOPLIST_FILE = Sportify/Info.plist;
				INFOPLIST_KEY_UIApplicationSupportsIndirectInputEvents = YES;
				INFOPLIST_KEY_UILaunchStoryboardName = LaunchScreen;
				INFOPLIST_KEY_UIMainStoryboardFile = Main;
				INFOPLIST_KEY_UISupportedInterfaceOrientations_iPad = "UIInterfaceOrientationPortrait UIInterfaceOrientationPortraitUpsideDown UIInterfaceOrientationLandscapeLeft UIInterfaceOrientationLandscapeRight";
				INFOPLIST_KEY_UISupportedInterfaceOrientations_iPhone = "UIInterfaceOrientationPortrait UIInterfaceOrientationLandscapeLeft UIInterfaceOrientationLandscapeRight";
				LD_RUNPATH_SEARCH_PATHS = (
					"$(inherited)",
					"@executable_path/Frameworks",
				);
				MARKETING_VERSION = 1.0;
				PRODUCT_BUNDLE_IDENTIFIER = com.hdrnjd.Sportify;
				PRODUCT_NAME = "$(TARGET_NAME)";
				SWIFT_EMIT_LOC_STRINGS = YES;
				SWIFT_VERSION = 5.0;
				TARGETED_DEVICE_FAMILY = "1,2";
			};
			name = Release;
		};
/* End XCBuildConfiguration section */

/* Begin XCConfigurationList section */
		04BE4CA22BCED5AB001853A8 /* Build configuration list for PBXProject "Sportify" */ = {
			isa = XCConfigurationList;
			buildConfigurations = (
				04BE4CBC2BCED5AE001853A8 /* Debug */,
				04BE4CBD2BCED5AE001853A8 /* Release */,
			);
			defaultConfigurationIsVisible = 0;
			defaultConfigurationName = Release;
		};
		04BE4CBE2BCED5AE001853A8 /* Build configuration list for PBXNativeTarget "Sportify" */ = {
			isa = XCConfigurationList;
			buildConfigurations = (
				04BE4CBF2BCED5AE001853A8 /* Debug */,
				04BE4CC02BCED5AE001853A8 /* Release */,
			);
			defaultConfigurationIsVisible = 0;
			defaultConfigurationName = Release;
		};
/* End XCConfigurationList section */

/* Begin XCVersionGroup section */
		04BE4CB32BCED5AB001853A8 /* Sportify.xcdatamodeld */ = {
			isa = XCVersionGroup;
			children = (
				04BE4CB42BCED5AB001853A8 /* Sportify.xcdatamodel */,
			);
			currentVersion = 04BE4CB42BCED5AB001853A8 /* Sportify.xcdatamodel */;
			path = Sportify.xcdatamodeld;
			sourceTree = "<group>";
			versionGroupType = wrapper.xcdatamodel;
		};
/* End XCVersionGroup section */
	};
	rootObject = 04BE4C9F2BCED5AB001853A8 /* Project object */;
}
